// !$*UTF8*$!
{
	archiveVersion = 1;
	classes = {
	};
	objectVersion = 46;
	objects = {

/* Begin PBXBuildFile section */
		0B2C19DA1D8CB3BD006E5859 /* AppDelegate.swift in Sources */ = {isa = PBXBuildFile; fileRef = 0B2C19D91D8CB3BD006E5859 /* AppDelegate.swift */; };
		0B2C19DC1D8CB3BD006E5859 /* WeatherVC.swift in Sources */ = {isa = PBXBuildFile; fileRef = 0B2C19DB1D8CB3BD006E5859 /* WeatherVC.swift */; };
		0B2C19DF1D8CB3BE006E5859 /* Main.storyboard in Resources */ = {isa = PBXBuildFile; fileRef = 0B2C19DD1D8CB3BE006E5859 /* Main.storyboard */; };
		0B2C19E11D8CB3BE006E5859 /* Assets.xcassets in Resources */ = {isa = PBXBuildFile; fileRef = 0B2C19E01D8CB3BE006E5859 /* Assets.xcassets */; };
		0B2C19E41D8CB3BE006E5859 /* LaunchScreen.storyboard in Resources */ = {isa = PBXBuildFile; fileRef = 0B2C19E21D8CB3BE006E5859 /* LaunchScreen.storyboard */; };
		0B2C19EF1D8CB3BE006E5859 /* WeatherappTests.swift in Sources */ = {isa = PBXBuildFile; fileRef = 0B2C19EE1D8CB3BE006E5859 /* WeatherappTests.swift */; };
		0B2C19FA1D8CB3BE006E5859 /* WeatherappUITests.swift in Sources */ = {isa = PBXBuildFile; fileRef = 0B2C19F91D8CB3BE006E5859 /* WeatherappUITests.swift */; };
		0B2F51E91D8F3BF90032793C /* CurrentWeather.swift in Sources */ = {isa = PBXBuildFile; fileRef = 0B2F51E81D8F3BF90032793C /* CurrentWeather.swift */; };
		0B2F51EB1D8F43600032793C /* Constants.swift in Sources */ = {isa = PBXBuildFile; fileRef = 0B2F51EA1D8F43600032793C /* Constants.swift */; };
		0B2F51ED1D8F5E100032793C /* Forecast.swift in Sources */ = {isa = PBXBuildFile; fileRef = 0B2F51EC1D8F5E100032793C /* Forecast.swift */; };
		0B2F51F11D902B4E0032793C /* WeatherCell.swift in Sources */ = {isa = PBXBuildFile; fileRef = 0B2F51F01D902B4E0032793C /* WeatherCell.swift */; };
		0B2F51F31D903AD30032793C /* Location.swift in Sources */ = {isa = PBXBuildFile; fileRef = 0B2F51F21D903AD30032793C /* Location.swift */; };
		9497A89F5D21AA9CF548CD09 /* Pods_Weatherapp.framework in Frameworks */ = {isa = PBXBuildFile; fileRef = C27849CEAC2F6D85899FB597 /* Pods_Weatherapp.framework */; };
/* End PBXBuildFile section */

/* Begin PBXContainerItemProxy section */
		0B2C19EB1D8CB3BE006E5859 /* PBXContainerItemProxy */ = {
			isa = PBXContainerItemProxy;
			containerPortal = 0B2C19CE1D8CB3BD006E5859 /* Project object */;
			proxyType = 1;
			remoteGlobalIDString = 0B2C19D51D8CB3BD006E5859;
			remoteInfo = Weatherapp;
		};
		0B2C19F61D8CB3BE006E5859 /* PBXContainerItemProxy */ = {
			isa = PBXContainerItemProxy;
			containerPortal = 0B2C19CE1D8CB3BD006E5859 /* Project object */;
			proxyType = 1;
			remoteGlobalIDString = 0B2C19D51D8CB3BD006E5859;
			remoteInfo = Weatherapp;
		};
/* End PBXContainerItemProxy section */

/* Begin PBXFileReference section */
		0B2C19D61D8CB3BD006E5859 /* Weatherapp.app */ = {isa = PBXFileReference; explicitFileType = wrapper.application; includeInIndex = 0; path = Weatherapp.app; sourceTree = BUILT_PRODUCTS_DIR; };
		0B2C19D91D8CB3BD006E5859 /* AppDelegate.swift */ = {isa = PBXFileReference; lastKnownFileType = sourcecode.swift; path = AppDelegate.swift; sourceTree = "<group>"; };
		0B2C19DB1D8CB3BD006E5859 /* WeatherVC.swift */ = {isa = PBXFileReference; lastKnownFileType = sourcecode.swift; path = WeatherVC.swift; sourceTree = "<group>"; };
		0B2C19DE1D8CB3BE006E5859 /* Base */ = {isa = PBXFileReference; lastKnownFileType = file.storyboard; name = Base; path = Base.lproj/Main.storyboard; sourceTree = "<group>"; };
		0B2C19E01D8CB3BE006E5859 /* Assets.xcassets */ = {isa = PBXFileReference; lastKnownFileType = folder.assetcatalog; path = Assets.xcassets; sourceTree = "<group>"; };
		0B2C19E31D8CB3BE006E5859 /* Base */ = {isa = PBXFileReference; lastKnownFileType = file.storyboard; name = Base; path = Base.lproj/LaunchScreen.storyboard; sourceTree = "<group>"; };
		0B2C19E51D8CB3BE006E5859 /* Info.plist */ = {isa = PBXFileReference; lastKnownFileType = text.plist.xml; path = Info.plist; sourceTree = "<group>"; };
		0B2C19EA1D8CB3BE006E5859 /* WeatherappTests.xctest */ = {isa = PBXFileReference; explicitFileType = wrapper.cfbundle; includeInIndex = 0; path = WeatherappTests.xctest; sourceTree = BUILT_PRODUCTS_DIR; };
		0B2C19EE1D8CB3BE006E5859 /* WeatherappTests.swift */ = {isa = PBXFileReference; lastKnownFileType = sourcecode.swift; path = WeatherappTests.swift; sourceTree = "<group>"; };
		0B2C19F01D8CB3BE006E5859 /* Info.plist */ = {isa = PBXFileReference; lastKnownFileType = text.plist.xml; path = Info.plist; sourceTree = "<group>"; };
		0B2C19F51D8CB3BE006E5859 /* WeatherappUITests.xctest */ = {isa = PBXFileReference; explicitFileType = wrapper.cfbundle; includeInIndex = 0; path = WeatherappUITests.xctest; sourceTree = BUILT_PRODUCTS_DIR; };
		0B2C19F91D8CB3BE006E5859 /* WeatherappUITests.swift */ = {isa = PBXFileReference; lastKnownFileType = sourcecode.swift; path = WeatherappUITests.swift; sourceTree = "<group>"; };
		0B2C19FB1D8CB3BE006E5859 /* Info.plist */ = {isa = PBXFileReference; lastKnownFileType = text.plist.xml; path = Info.plist; sourceTree = "<group>"; };
		0B2F51E81D8F3BF90032793C /* CurrentWeather.swift */ = {isa = PBXFileReference; fileEncoding = 4; lastKnownFileType = sourcecode.swift; path = CurrentWeather.swift; sourceTree = "<group>"; };
		0B2F51EA1D8F43600032793C /* Constants.swift */ = {isa = PBXFileReference; fileEncoding = 4; lastKnownFileType = sourcecode.swift; path = Constants.swift; sourceTree = "<group>"; };
		0B2F51EC1D8F5E100032793C /* Forecast.swift */ = {isa = PBXFileReference; fileEncoding = 4; lastKnownFileType = sourcecode.swift; path = Forecast.swift; sourceTree = "<group>"; };
		0B2F51F01D902B4E0032793C /* WeatherCell.swift */ = {isa = PBXFileReference; fileEncoding = 4; lastKnownFileType = sourcecode.swift; path = WeatherCell.swift; sourceTree = "<group>"; };
		0B2F51F21D903AD30032793C /* Location.swift */ = {isa = PBXFileReference; fileEncoding = 4; lastKnownFileType = sourcecode.swift; path = Location.swift; sourceTree = "<group>"; };
		2A66CEA09682F471CF1B1C4F /* Pods-Weatherapp.debug.xcconfig */ = {isa = PBXFileReference; includeInIndex = 1; lastKnownFileType = text.xcconfig; name = "Pods-Weatherapp.debug.xcconfig"; path = "Pods/Target Support Files/Pods-Weatherapp/Pods-Weatherapp.debug.xcconfig"; sourceTree = "<group>"; };
		B6B6B72F7AA806B45C915914 /* Pods-Weatherapp.release.xcconfig */ = {isa = PBXFileReference; includeInIndex = 1; lastKnownFileType = text.xcconfig; name = "Pods-Weatherapp.release.xcconfig"; path = "Pods/Target Support Files/Pods-Weatherapp/Pods-Weatherapp.release.xcconfig"; sourceTree = "<group>"; };
		C27849CEAC2F6D85899FB597 /* Pods_Weatherapp.framework */ = {isa = PBXFileReference; explicitFileType = wrapper.framework; includeInIndex = 0; path = Pods_Weatherapp.framework; sourceTree = BUILT_PRODUCTS_DIR; };
/* End PBXFileReference section */

/* Begin PBXFrameworksBuildPhase section */
		0B2C19D31D8CB3BD006E5859 /* Frameworks */ = {
			isa = PBXFrameworksBuildPhase;
			buildActionMask = 2147483647;
			files = (
				9497A89F5D21AA9CF548CD09 /* Pods_Weatherapp.framework in Frameworks */,
			);
			runOnlyForDeploymentPostprocessing = 0;
		};
		0B2C19E71D8CB3BE006E5859 /* Frameworks */ = {
			isa = PBXFrameworksBuildPhase;
			buildActionMask = 2147483647;
			files = (
			);
			runOnlyForDeploymentPostprocessing = 0;
		};
		0B2C19F21D8CB3BE006E5859 /* Frameworks */ = {
			isa = PBXFrameworksBuildPhase;
			buildActionMask = 2147483647;
			files = (
			);
			runOnlyForDeploymentPostprocessing = 0;
		};
/* End PBXFrameworksBuildPhase section */

/* Begin PBXGroup section */
		0B2C19CD1D8CB3BD006E5859 = {
			isa = PBXGroup;
			children = (
				0B2C19D81D8CB3BD006E5859 /* Weatherapp */,
				0B2C19ED1D8CB3BE006E5859 /* WeatherappTests */,
				0B2C19F81D8CB3BE006E5859 /* WeatherappUITests */,
				0B2C19D71D8CB3BD006E5859 /* Products */,
				B5352CEE4F0BCD4C60F1BEEA /* Pods */,
				3BFE7540A0566959584B5331 /* Frameworks */,
			);
			sourceTree = "<group>";
		};
		0B2C19D71D8CB3BD006E5859 /* Products */ = {
			isa = PBXGroup;
			children = (
				0B2C19D61D8CB3BD006E5859 /* Weatherapp.app */,
				0B2C19EA1D8CB3BE006E5859 /* WeatherappTests.xctest */,
				0B2C19F51D8CB3BE006E5859 /* WeatherappUITests.xctest */,
			);
			name = Products;
			sourceTree = "<group>";
		};
		0B2C19D81D8CB3BD006E5859 /* Weatherapp */ = {
			isa = PBXGroup;
			children = (
				0B2C19D91D8CB3BD006E5859 /* AppDelegate.swift */,
				0B2C19DB1D8CB3BD006E5859 /* WeatherVC.swift */,
				0B2C19DD1D8CB3BE006E5859 /* Main.storyboard */,
				0B2C19E01D8CB3BE006E5859 /* Assets.xcassets */,
				0B2C19E21D8CB3BE006E5859 /* LaunchScreen.storyboard */,
				0B2C19E51D8CB3BE006E5859 /* Info.plist */,
				0B2F51E81D8F3BF90032793C /* CurrentWeather.swift */,
				0B2F51EA1D8F43600032793C /* Constants.swift */,
				0B2F51EC1D8F5E100032793C /* Forecast.swift */,
				0B2F51F01D902B4E0032793C /* WeatherCell.swift */,
				0B2F51F21D903AD30032793C /* Location.swift */,
			);
			path = Weatherapp;
			sourceTree = "<group>";
		};
		0B2C19ED1D8CB3BE006E5859 /* WeatherappTests */ = {
			isa = PBXGroup;
			children = (
				0B2C19EE1D8CB3BE006E5859 /* WeatherappTests.swift */,
				0B2C19F01D8CB3BE006E5859 /* Info.plist */,
			);
			path = WeatherappTests;
			sourceTree = "<group>";
		};
		0B2C19F81D8CB3BE006E5859 /* WeatherappUITests */ = {
			isa = PBXGroup;
			children = (
				0B2C19F91D8CB3BE006E5859 /* WeatherappUITests.swift */,
				0B2C19FB1D8CB3BE006E5859 /* Info.plist */,
			);
			path = WeatherappUITests;
			sourceTree = "<group>";
		};
		3BFE7540A0566959584B5331 /* Frameworks */ = {
			isa = PBXGroup;
			children = (
				C27849CEAC2F6D85899FB597 /* Pods_Weatherapp.framework */,
			);
			name = Frameworks;
			sourceTree = "<group>";
		};
		B5352CEE4F0BCD4C60F1BEEA /* Pods */ = {
			isa = PBXGroup;
			children = (
				2A66CEA09682F471CF1B1C4F /* Pods-Weatherapp.debug.xcconfig */,
				B6B6B72F7AA806B45C915914 /* Pods-Weatherapp.release.xcconfig */,
			);
			name = Pods;
			sourceTree = "<group>";
		};
/* End PBXGroup section */

/* Begin PBXNativeTarget section */
		0B2C19D51D8CB3BD006E5859 /* Weatherapp */ = {
			isa = PBXNativeTarget;
			buildConfigurationList = 0B2C19FE1D8CB3BE006E5859 /* Build configuration list for PBXNativeTarget "Weatherapp" */;
			buildPhases = (
				7EFA9568995BF0C9A064B812 /* [CP] Check Pods Manifest.lock */,
				0B2C19D21D8CB3BD006E5859 /* Sources */,
				0B2C19D31D8CB3BD006E5859 /* Frameworks */,
				0B2C19D41D8CB3BD006E5859 /* Resources */,
				848F6CEFE75DB1DC6074CD3C /* [CP] Embed Pods Frameworks */,
				2959DDE67667AA4C93AA7BC9 /* [CP] Copy Pods Resources */,
			);
			buildRules = (
			);
			dependencies = (
			);
			name = Weatherapp;
			productName = Weatherapp;
			productReference = 0B2C19D61D8CB3BD006E5859 /* Weatherapp.app */;
			productType = "com.apple.product-type.application";
		};
		0B2C19E91D8CB3BE006E5859 /* WeatherappTests */ = {
			isa = PBXNativeTarget;
			buildConfigurationList = 0B2C1A011D8CB3BE006E5859 /* Build configuration list for PBXNativeTarget "WeatherappTests" */;
			buildPhases = (
				0B2C19E61D8CB3BE006E5859 /* Sources */,
				0B2C19E71D8CB3BE006E5859 /* Frameworks */,
				0B2C19E81D8CB3BE006E5859 /* Resources */,
			);
			buildRules = (
			);
			dependencies = (
				0B2C19EC1D8CB3BE006E5859 /* PBXTargetDependency */,
			);
			name = WeatherappTests;
			productName = WeatherappTests;
			productReference = 0B2C19EA1D8CB3BE006E5859 /* WeatherappTests.xctest */;
			productType = "com.apple.product-type.bundle.unit-test";
		};
		0B2C19F41D8CB3BE006E5859 /* WeatherappUITests */ = {
			isa = PBXNativeTarget;
			buildConfigurationList = 0B2C1A041D8CB3BE006E5859 /* Build configuration list for PBXNativeTarget "WeatherappUITests" */;
			buildPhases = (
				0B2C19F11D8CB3BE006E5859 /* Sources */,
				0B2C19F21D8CB3BE006E5859 /* Frameworks */,
				0B2C19F31D8CB3BE006E5859 /* Resources */,
			);
			buildRules = (
			);
			dependencies = (
				0B2C19F71D8CB3BE006E5859 /* PBXTargetDependency */,
			);
			name = WeatherappUITests;
			productName = WeatherappUITests;
			productReference = 0B2C19F51D8CB3BE006E5859 /* WeatherappUITests.xctest */;
			productType = "com.apple.product-type.bundle.ui-testing";
		};
/* End PBXNativeTarget section */

/* Begin PBXProject section */
		0B2C19CE1D8CB3BD006E5859 /* Project object */ = {
			isa = PBXProject;
			attributes = {
				LastSwiftUpdateCheck = 0800;
				LastUpgradeCheck = 0800;
				ORGANIZATIONNAME = "Cody Condon";
				TargetAttributes = {
					0B2C19D51D8CB3BD006E5859 = {
						CreatedOnToolsVersion = 8.0;
						ProvisioningStyle = Automatic;
					};
					0B2C19E91D8CB3BE006E5859 = {
						CreatedOnToolsVersion = 8.0;
						ProvisioningStyle = Automatic;
						TestTargetID = 0B2C19D51D8CB3BD006E5859;
					};
					0B2C19F41D8CB3BE006E5859 = {
						CreatedOnToolsVersion = 8.0;
						ProvisioningStyle = Automatic;
						TestTargetID = 0B2C19D51D8CB3BD006E5859;
					};
				};
			};
			buildConfigurationList = 0B2C19D11D8CB3BD006E5859 /* Build configuration list for PBXProject "Weatherapp" */;
			compatibilityVersion = "Xcode 3.2";
			developmentRegion = English;
			hasScannedForEncodings = 0;
			knownRegions = (
				en,
				Base,
			);
			mainGroup = 0B2C19CD1D8CB3BD006E5859;
			productRefGroup = 0B2C19D71D8CB3BD006E5859 /* Products */;
			projectDirPath = "";
			projectRoot = "";
			targets = (
				0B2C19D51D8CB3BD006E5859 /* Weatherapp */,
				0B2C19E91D8CB3BE006E5859 /* WeatherappTests */,
				0B2C19F41D8CB3BE006E5859 /* WeatherappUITests */,
			);
		};
/* End PBXProject section */

/* Begin PBXResourcesBuildPhase section */
		0B2C19D41D8CB3BD006E5859 /* Resources */ = {
			isa = PBXResourcesBuildPhase;
			buildActionMask = 2147483647;
			files = (
				0B2C19E41D8CB3BE006E5859 /* LaunchScreen.storyboard in Resources */,
				0B2C19E11D8CB3BE006E5859 /* Assets.xcassets in Resources */,
				0B2C19DF1D8CB3BE006E5859 /* Main.storyboard in Resources */,
			);
			runOnlyForDeploymentPostprocessing = 0;
		};
		0B2C19E81D8CB3BE006E5859 /* Resources */ = {
			isa = PBXResourcesBuildPhase;
			buildActionMask = 2147483647;
			files = (
			);
			runOnlyForDeploymentPostprocessing = 0;
		};
		0B2C19F31D8CB3BE006E5859 /* Resources */ = {
			isa = PBXResourcesBuildPhase;
			buildActionMask = 2147483647;
			files = (
			);
			runOnlyForDeploymentPostprocessing = 0;
		};
/* End PBXResourcesBuildPhase section */

/* Begin PBXShellScriptBuildPhase section */
		2959DDE67667AA4C93AA7BC9 /* [CP] Copy Pods Resources */ = {
			isa = PBXShellScriptBuildPhase;
			buildActionMask = 2147483647;
			files = (
			);
			inputPaths = (
			);
			name = "[CP] Copy Pods Resources";
			outputPaths = (
			);
			runOnlyForDeploymentPostprocessing = 0;
			shellPath = /bin/sh;
			shellScript = "\"${SRCROOT}/Pods/Target Support Files/Pods-Weatherapp/Pods-Weatherapp-resources.sh\"\n";
			showEnvVarsInLog = 0;
		};
		7EFA9568995BF0C9A064B812 /* [CP] Check Pods Manifest.lock */ = {
			isa = PBXShellScriptBuildPhase;
			buildActionMask = 2147483647;
			files = (
			);
			inputPaths = (
			);
			name = "[CP] Check Pods Manifest.lock";
			outputPaths = (
			);
			runOnlyForDeploymentPostprocessing = 0;
			shellPath = /bin/sh;
			shellScript = "diff \"${PODS_ROOT}/../Podfile.lock\" \"${PODS_ROOT}/Manifest.lock\" > /dev/null\nif [ $? != 0 ] ; then\n    # print error to STDERR\n    echo \"error: The sandbox is not in sync with the Podfile.lock. Run 'pod install' or update your CocoaPods installation.\" >&2\n    exit 1\nfi\n";
			showEnvVarsInLog = 0;
		};
		848F6CEFE75DB1DC6074CD3C /* [CP] Embed Pods Frameworks */ = {
			isa = PBXShellScriptBuildPhase;
			buildActionMask = 2147483647;
			files = (
			);
			inputPaths = (
			);
			name = "[CP] Embed Pods Frameworks";
			outputPaths = (
			);
			runOnlyForDeploymentPostprocessing = 0;
			shellPath = /bin/sh;
			shellScript = "\"${SRCROOT}/Pods/Target Support Files/Pods-Weatherapp/Pods-Weatherapp-frameworks.sh\"\n";
			showEnvVarsInLog = 0;
		};
/* End PBXShellScriptBuildPhase section */

/* Begin PBXSourcesBuildPhase section */
		0B2C19D21D8CB3BD006E5859 /* Sources */ = {
			isa = PBXSourcesBuildPhase;
			buildActionMask = 2147483647;
			files = (
				0B2C19DC1D8CB3BD006E5859 /* WeatherVC.swift in Sources */,
				0B2C19DA1D8CB3BD006E5859 /* AppDelegate.swift in Sources */,
				0B2F51F11D902B4E0032793C /* WeatherCell.swift in Sources */,
				0B2F51E91D8F3BF90032793C /* CurrentWeather.swift in Sources */,
				0B2F51EB1D8F43600032793C /* Constants.swift in Sources */,
				0B2F51ED1D8F5E100032793C /* Forecast.swift in Sources */,
				0B2F51F31D903AD30032793C /* Location.swift in Sources */,
			);
			runOnlyForDeploymentPostprocessing = 0;
		};
		0B2C19E61D8CB3BE006E5859 /* Sources */ = {
			isa = PBXSourcesBuildPhase;
			buildActionMask = 2147483647;
			files = (
				0B2C19EF1D8CB3BE006E5859 /* WeatherappTests.swift in Sources */,
			);
			runOnlyForDeploymentPostprocessing = 0;
		};
		0B2C19F11D8CB3BE006E5859 /* Sources */ = {
			isa = PBXSourcesBuildPhase;
			buildActionMask = 2147483647;
			files = (
				0B2C19FA1D8CB3BE006E5859 /* WeatherappUITests.swift in Sources */,
			);
			runOnlyForDeploymentPostprocessing = 0;
		};
/* End PBXSourcesBuildPhase section */

/* Begin PBXTargetDependency section */
		0B2C19EC1D8CB3BE006E5859 /* PBXTargetDependency */ = {
			isa = PBXTargetDependency;
			target = 0B2C19D51D8CB3BD006E5859 /* Weatherapp */;
			targetProxy = 0B2C19EB1D8CB3BE006E5859 /* PBXContainerItemProxy */;
		};
		0B2C19F71D8CB3BE006E5859 /* PBXTargetDependency */ = {
			isa = PBXTargetDependency;
			target = 0B2C19D51D8CB3BD006E5859 /* Weatherapp */;
			targetProxy = 0B2C19F61D8CB3BE006E5859 /* PBXContainerItemProxy */;
		};
/* End PBXTargetDependency section */

/* Begin PBXVariantGroup section */
		0B2C19DD1D8CB3BE006E5859 /* Main.storyboard */ = {
			isa = PBXVariantGroup;
			children = (
				0B2C19DE1D8CB3BE006E5859 /* Base */,
			);
			name = Main.storyboard;
			sourceTree = "<group>";
		};
		0B2C19E21D8CB3BE006E5859 /* LaunchScreen.storyboard */ = {
			isa = PBXVariantGroup;
			children = (
				0B2C19E31D8CB3BE006E5859 /* Base */,
			);
			name = LaunchScreen.storyboard;
			sourceTree = "<group>";
		};
/* End PBXVariantGroup section */

/* Begin XCBuildConfiguration section */
		0B2C19FC1D8CB3BE006E5859 /* Debug */ = {
			isa = XCBuildConfiguration;
			buildSettings = {
				ALWAYS_SEARCH_USER_PATHS = NO;
				CLANG_ANALYZER_NONNULL = YES;
				CLANG_CXX_LANGUAGE_STANDARD = "gnu++0x";
				CLANG_CXX_LIBRARY = "libc++";
				CLANG_ENABLE_MODULES = YES;
				CLANG_ENABLE_OBJC_ARC = YES;
				CLANG_WARN_BOOL_CONVERSION = YES;
				CLANG_WARN_CONSTANT_CONVERSION = YES;
				CLANG_WARN_DIRECT_OBJC_ISA_USAGE = YES_ERROR;
				CLANG_WARN_DOCUMENTATION_COMMENTS = YES;
				CLANG_WARN_EMPTY_BODY = YES;
				CLANG_WARN_ENUM_CONVERSION = YES;
				CLANG_WARN_INFINITE_RECURSION = YES;
				CLANG_WARN_INT_CONVERSION = YES;
				CLANG_WARN_OBJC_ROOT_CLASS = YES_ERROR;
				CLANG_WARN_SUSPICIOUS_MOVES = YES;
				CLANG_WARN_UNREACHABLE_CODE = YES;
				CLANG_WARN__DUPLICATE_METHOD_MATCH = YES;
				"CODE_SIGN_IDENTITY[sdk=iphoneos*]" = "iPhone Developer";
				COPY_PHASE_STRIP = NO;
				DEBUG_INFORMATION_FORMAT = dwarf;
				ENABLE_STRICT_OBJC_MSGSEND = YES;
				ENABLE_TESTABILITY = YES;
				GCC_C_LANGUAGE_STANDARD = gnu99;
				GCC_DYNAMIC_NO_PIC = NO;
				GCC_NO_COMMON_BLOCKS = YES;
				GCC_OPTIMIZATION_LEVEL = 0;
				GCC_PREPROCESSOR_DEFINITIONS = (
					"DEBUG=1",
					"$(inherited)",
				);
				GCC_WARN_64_TO_32_BIT_CONVERSION = YES;
				GCC_WARN_ABOUT_RETURN_TYPE = YES_ERROR;
				GCC_WARN_UNDECLARED_SELECTOR = YES;
				GCC_WARN_UNINITIALIZED_AUTOS = YES_AGGRESSIVE;
				GCC_WARN_UNUSED_FUNCTION = YES;
				GCC_WARN_UNUSED_VARIABLE = YES;
				IPHONEOS_DEPLOYMENT_TARGET = 10.0;
				MTL_ENABLE_DEBUG_INFO = YES;
				ONLY_ACTIVE_ARCH = YES;
				SDKROOT = iphoneos;
				SWIFT_ACTIVE_COMPILATION_CONDITIONS = DEBUG;
				SWIFT_OPTIMIZATION_LEVEL = "-Onone";
				TARGETED_DEVICE_FAMILY = "1,2";
			};
			name = Debug;
		};
		0B2C19FD1D8CB3BE006E5859 /* Release */ = {
			isa = XCBuildConfiguration;
			buildSettings = {
				ALWAYS_SEARCH_USER_PATHS = NO;
				CLANG_ANALYZER_NONNULL = YES;
				CLANG_CXX_LANGUAGE_STANDARD = "gnu++0x";
				CLANG_CXX_LIBRARY = "libc++";
				CLANG_ENABLE_MODULES = YES;
				CLANG_ENABLE_OBJC_ARC = YES;
				CLANG_WARN_BOOL_CONVERSION = YES;
				CLANG_WARN_CONSTANT_CONVERSION = YES;
				CLANG_WARN_DIRECT_OBJC_ISA_USAGE = YES_ERROR;
				CLANG_WARN_DOCUMENTATION_COMMENTS = YES;
				CLANG_WARN_EMPTY_BODY = YES;
				CLANG_WARN_ENUM_CONVERSION = YES;
				CLANG_WARN_INFINITE_RECURSION = YES;
				CLANG_WARN_INT_CONVERSION = YES;
				CLANG_WARN_OBJC_ROOT_CLASS = YES_ERROR;
				CLANG_WARN_SUSPICIOUS_MOVES = YES;
				CLANG_WARN_UNREACHABLE_CODE = YES;
				CLANG_WARN__DUPLICATE_METHOD_MATCH = YES;
				"CODE_SIGN_IDENTITY[sdk=iphoneos*]" = "iPhone Developer";
				COPY_PHASE_STRIP = NO;
				DEBUG_INFORMATION_FORMAT = "dwarf-with-dsym";
				ENABLE_NS_ASSERTIONS = NO;
				ENABLE_STRICT_OBJC_MSGSEND = YES;
				GCC_C_LANGUAGE_STANDARD = gnu99;
				GCC_NO_COMMON_BLOCKS = YES;
				GCC_WARN_64_TO_32_BIT_CONVERSION = YES;
				GCC_WARN_ABOUT_RETURN_TYPE = YES_ERROR;
				GCC_WARN_UNDECLARED_SELECTOR = YES;
				GCC_WARN_UNINITIALIZED_AUTOS = YES_AGGRESSIVE;
				GCC_WARN_UNUSED_FUNCTION = YES;
				GCC_WARN_UNUSED_VARIABLE = YES;
				IPHONEOS_DEPLOYMENT_TARGET = 10.0;
				MTL_ENABLE_DEBUG_INFO = NO;
				SDKROOT = iphoneos;
				SWIFT_OPTIMIZATION_LEVEL = "-Owholemodule";
				TARGETED_DEVICE_FAMILY = "1,2";
				VALIDATE_PRODUCT = YES;
			};
			name = Release;
		};
		0B2C19FF1D8CB3BE006E5859 /* Debug */ = {
			isa = XCBuildConfiguration;
			baseConfigurationReference = 2A66CEA09682F471CF1B1C4F /* Pods-Weatherapp.debug.xcconfig */;
			buildSettings = {
				ASSETCATALOG_COMPILER_APPICON_NAME = AppIcon;
				INFOPLIST_FILE = Weatherapp/Info.plist;
				LD_RUNPATH_SEARCH_PATHS = "$(inherited) @executable_path/Frameworks";
				PRODUCT_BUNDLE_IDENTIFIER = com.codycondon.Weatherapp;
				PRODUCT_NAME = "$(TARGET_NAME)";
				SWIFT_VERSION = 3.0;
				TARGETED_DEVICE_FAMILY = 1;
			};
			name = Debug;
		};
		0B2C1A001D8CB3BE006E5859 /* Release */ = {
			isa = XCBuildConfiguration;
			baseConfigurationReference = B6B6B72F7AA806B45C915914 /* Pods-Weatherapp.release.xcconfig */;
			buildSettings = {
				ASSETCATALOG_COMPILER_APPICON_NAME = AppIcon;
				INFOPLIST_FILE = Weatherapp/Info.plist;
				LD_RUNPATH_SEARCH_PATHS = "$(inherited) @executable_path/Frameworks";
				PRODUCT_BUNDLE_IDENTIFIER = com.codycondon.Weatherapp;
				PRODUCT_NAME = "$(TARGET_NAME)";
				SWIFT_VERSION = 3.0;
				TARGETED_DEVICE_FAMILY = 1;
			};
			name = Release;
		};
		0B2C1A021D8CB3BE006E5859 /* Debug */ = {
			isa = XCBuildConfiguration;
			buildSettings = {
				ALWAYS_EMBED_SWIFT_STANDARD_LIBRARIES = YES;
				BUNDLE_LOADER = "$(TEST_HOST)";
				INFOPLIST_FILE = WeatherappTests/Info.plist;
				LD_RUNPATH_SEARCH_PATHS = "$(inherited) @executable_path/Frameworks @loader_path/Frameworks";
				PRODUCT_BUNDLE_IDENTIFIER = com.codycondon.WeatherappTests;
				PRODUCT_NAME = "$(TARGET_NAME)";
				SWIFT_VERSION = 3.0;
				TEST_HOST = "$(BUILT_PRODUCTS_DIR)/Weatherapp.app/Weatherapp";
			};
			name = Debug;
		};
		0B2C1A031D8CB3BE006E5859 /* Release */ = {
			isa = XCBuildConfiguration;
			buildSettings = {
				ALWAYS_EMBED_SWIFT_STANDARD_LIBRARIES = YES;
				BUNDLE_LOADER = "$(TEST_HOST)";
				INFOPLIST_FILE = WeatherappTests/Info.plist;
				LD_RUNPATH_SEARCH_PATHS = "$(inherited) @executable_path/Frameworks @loader_path/Frameworks";
				PRODUCT_BUNDLE_IDENTIFIER = com.codycondon.WeatherappTests;
				PRODUCT_NAME = "$(TARGET_NAME)";
				SWIFT_VERSION = 3.0;
				TEST_HOST = "$(BUILT_PRODUCTS_DIR)/Weatherapp.app/Weatherapp";
			};
			name = Release;
		};
		0B2C1A051D8CB3BE006E5859 /* Debug */ = {
			isa = XCBuildConfiguration;
			buildSettings = {
				ALWAYS_EMBED_SWIFT_STANDARD_LIBRARIES = YES;
				INFOPLIST_FILE = WeatherappUITests/Info.plist;
				LD_RUNPATH_SEARCH_PATHS = "$(inherited) @executable_path/Frameworks @loader_path/Frameworks";
				PRODUCT_BUNDLE_IDENTIFIER = com.codycondon.WeatherappUITests;
				PRODUCT_NAME = "$(TARGET_NAME)";
				SWIFT_VERSION = 3.0;
				TEST_TARGET_NAME = Weatherapp;
			};
			name = Debug;
		};
		0B2C1A061D8CB3BE006E5859 /* Release */ = {
			isa = XCBuildConfiguration;
			buildSettings = {
				ALWAYS_EMBED_SWIFT_STANDARD_LIBRARIES = YES;
				INFOPLIST_FILE = WeatherappUITests/Info.plist;
				LD_RUNPATH_SEARCH_PATHS = "$(inherited) @executable_path/Frameworks @loader_path/Frameworks";
				PRODUCT_BUNDLE_IDENTIFIER = com.codycondon.WeatherappUITests;
				PRODUCT_NAME = "$(TARGET_NAME)";
				SWIFT_VERSION = 3.0;
				TEST_TARGET_NAME = Weatherapp;
			};
			name = Release;
		};
/* End XCBuildConfiguration section */

/* Begin XCConfigurationList section */
		0B2C19D11D8CB3BD006E5859 /* Build configuration list for PBXProject "Weatherapp" */ = {
			isa = XCConfigurationList;
			buildConfigurations = (
				0B2C19FC1D8CB3BE006E5859 /* Debug */,
				0B2C19FD1D8CB3BE006E5859 /* Release */,
			);
			defaultConfigurationIsVisible = 0;
			defaultConfigurationName = Release;
		};
		0B2C19FE1D8CB3BE006E5859 /* Build configuration list for PBXNativeTarget "Weatherapp" */ = {
			isa = XCConfigurationList;
			buildConfigurations = (
				0B2C19FF1D8CB3BE006E5859 /* Debug */,
				0B2C1A001D8CB3BE006E5859 /* Release */,
			);
			defaultConfigurationIsVisible = 0;
			defaultConfigurationName = Release;
		};
		0B2C1A011D8CB3BE006E5859 /* Build configuration list for PBXNativeTarget "WeatherappTests" */ = {
			isa = XCConfigurationList;
			buildConfigurations = (
				0B2C1A021D8CB3BE006E5859 /* Debug */,
				0B2C1A031D8CB3BE006E5859 /* Release */,
			);
			defaultConfigurationIsVisible = 0;
			defaultConfigurationName = Release;
		};
		0B2C1A041D8CB3BE006E5859 /* Build configuration list for PBXNativeTarget "WeatherappUITests" */ = {
			isa = XCConfigurationList;
			buildConfigurations = (
				0B2C1A051D8CB3BE006E5859 /* Debug */,
				0B2C1A061D8CB3BE006E5859 /* Release */,
			);
			defaultConfigurationIsVisible = 0;
			defaultConfigurationName = Release;
		};
/* End XCConfigurationList section */
	};
	rootObject = 0B2C19CE1D8CB3BD006E5859 /* Project object */;
}
